
Microsoft Visual Studio Solution File, Format Version 12.00
# Visual Studio 15
VisualStudioVersion = 15.0.28010.2016
MinimumVisualStudioVersion = 10.0.40219.1
Project("{8BC9CEB8-8B4A-11D0-8D11-00A0C91BC942}") = "auto_completion_arbre", "auto_completion_arbre\auto_completion_arbre.vcxproj", "{376D8ECD-04AD-47DE-825E-FC1B84135276}"
EndProject
Global
	GlobalSection(SolutionConfigurationPlatforms) = preSolution
		Debug|x64 = Debug|x64
		Debug|x86 = Debug|x86
		Release|x64 = Release|x64
		Release|x86 = Release|x86
	EndGlobalSection
	GlobalSection(ProjectConfigurationPlatforms) = postSolution
		{376D8ECD-04AD-47DE-825E-FC1B84135276}.Debug|x64.ActiveCfg = Debug|x64
		{376D8ECD-04AD-47DE-825E-FC1B84135276}.Debug|x64.Build.0 = Debug|x64
		{376D8ECD-04AD-47DE-825E-FC1B84135276}.Debug|x86.ActiveCfg = Debug|Win32
		{376D8ECD-04AD-47DE-825E-FC1B84135276}.Debug|x86.Build.0 = Debug|Win32
		{376D8ECD-04AD-47DE-825E-FC1B84135276}.Release|x64.ActiveCfg = Release|x64
		{376D8ECD-04AD-47DE-825E-FC1B84135276}.Release|x64.Build.0 = Release|x64
		{376D8ECD-04AD-47DE-825E-FC1B84135276}.Release|x86.ActiveCfg = Release|Win32
		{376D8ECD-04AD-47DE-825E-FC1B84135276}.Release|x86.Build.0 = Release|Win32
	EndGlobalSection
	GlobalSection(SolutionProperties) = preSolution
		HideSolutionNode = FALSE
	EndGlobalSection
	GlobalSection(ExtensibilityGlobals) = postSolution
		SolutionGuid = {BA732388-8E02-4310-824E-4759C1501C8C}
	EndGlobalSection
EndGlobal
